// !$*UTF8*$!
{
	archiveVersion = 1;
	classes = {
	};
	objectVersion = 46;
	objects = {

/* Begin PBXBuildFile section */
		B933B5231F4615EF00DBE67C /* Viagem.swift in Sources */ = {isa = PBXBuildFile; fileRef = B933B5221F4615EF00DBE67C /* Viagem.swift */; };
		B933B53E1F4625B900DBE67C /* TableViewCell.swift in Sources */ = {isa = PBXBuildFile; fileRef = B933B53D1F4625B900DBE67C /* TableViewCell.swift */; };
		B933B5451F46298400DBE67C /* img1.png in Resources */ = {isa = PBXBuildFile; fileRef = B933B5401F46298400DBE67C /* img1.png */; };
		B933B5461F46298400DBE67C /* img2.jpg in Resources */ = {isa = PBXBuildFile; fileRef = B933B5411F46298400DBE67C /* img2.jpg */; };
		B933B5471F46298400DBE67C /* img3.jpg in Resources */ = {isa = PBXBuildFile; fileRef = B933B5421F46298400DBE67C /* img3.jpg */; };
		B933B5481F46298400DBE67C /* img4.jpg in Resources */ = {isa = PBXBuildFile; fileRef = B933B5431F46298400DBE67C /* img4.jpg */; };
		B933B5491F46298400DBE67C /* img5.jpg in Resources */ = {isa = PBXBuildFile; fileRef = B933B5441F46298400DBE67C /* img5.jpg */; };
		B933B54B1F462C2900DBE67C /* ViagemDAO.swift in Sources */ = {isa = PBXBuildFile; fileRef = B933B54A1F462C2900DBE67C /* ViagemDAO.swift */; };
		B9704FE21F439B7F0055D8BC /* AppDelegate.swift in Sources */ = {isa = PBXBuildFile; fileRef = B9704FE11F439B7F0055D8BC /* AppDelegate.swift */; };
		B9704FE41F439B7F0055D8BC /* ViewController.swift in Sources */ = {isa = PBXBuildFile; fileRef = B9704FE31F439B7F0055D8BC /* ViewController.swift */; };
		B9704FE71F439B7F0055D8BC /* Main.storyboard in Resources */ = {isa = PBXBuildFile; fileRef = B9704FE51F439B7F0055D8BC /* Main.storyboard */; };
		B9704FE91F439B7F0055D8BC /* Assets.xcassets in Resources */ = {isa = PBXBuildFile; fileRef = B9704FE81F439B7F0055D8BC /* Assets.xcassets */; };
		B9704FEC1F439B7F0055D8BC /* LaunchScreen.storyboard in Resources */ = {isa = PBXBuildFile; fileRef = B9704FEA1F439B7F0055D8BC /* LaunchScreen.storyboard */; };
		B9C5280F1F6721DA00404E6F /* PacotesViagensViewController.swift in Sources */ = {isa = PBXBuildFile; fileRef = B9C5280E1F6721DA00404E6F /* PacotesViagensViewController.swift */; };
		B9C528111F67232A00404E6F /* PacoteViagemCollectionViewCell.swift in Sources */ = {isa = PBXBuildFile; fileRef = B9C528101F67232A00404E6F /* PacoteViagemCollectionViewCell.swift */; };
/* End PBXBuildFile section */

/* Begin PBXFileReference section */
		B933B5221F4615EF00DBE67C /* Viagem.swift */ = {isa = PBXFileReference; fileEncoding = 4; lastKnownFileType = sourcecode.swift; path = Viagem.swift; sourceTree = "<group>"; };
		B933B53D1F4625B900DBE67C /* TableViewCell.swift */ = {isa = PBXFileReference; fileEncoding = 4; lastKnownFileType = sourcecode.swift; path = TableViewCell.swift; sourceTree = "<group>"; };
		B933B5401F46298400DBE67C /* img1.png */ = {isa = PBXFileReference; lastKnownFileType = image.png; path = img1.png; sourceTree = "<group>"; };
		B933B5411F46298400DBE67C /* img2.jpg */ = {isa = PBXFileReference; lastKnownFileType = image.jpeg; path = img2.jpg; sourceTree = "<group>"; };
		B933B5421F46298400DBE67C /* img3.jpg */ = {isa = PBXFileReference; lastKnownFileType = image.jpeg; path = img3.jpg; sourceTree = "<group>"; };
		B933B5431F46298400DBE67C /* img4.jpg */ = {isa = PBXFileReference; lastKnownFileType = image.jpeg; path = img4.jpg; sourceTree = "<group>"; };
		B933B5441F46298400DBE67C /* img5.jpg */ = {isa = PBXFileReference; lastKnownFileType = image.jpeg; path = img5.jpg; sourceTree = "<group>"; };
		B933B54A1F462C2900DBE67C /* ViagemDAO.swift */ = {isa = PBXFileReference; fileEncoding = 4; lastKnownFileType = sourcecode.swift; path = ViagemDAO.swift; sourceTree = "<group>"; };
		B9704FDE1F439B7F0055D8BC /* Alura Viagens.app */ = {isa = PBXFileReference; explicitFileType = wrapper.application; includeInIndex = 0; path = "Alura Viagens.app"; sourceTree = BUILT_PRODUCTS_DIR; };
		B9704FE11F439B7F0055D8BC /* AppDelegate.swift */ = {isa = PBXFileReference; lastKnownFileType = sourcecode.swift; path = AppDelegate.swift; sourceTree = "<group>"; };
		B9704FE31F439B7F0055D8BC /* ViewController.swift */ = {isa = PBXFileReference; lastKnownFileType = sourcecode.swift; path = ViewController.swift; sourceTree = "<group>"; };
		B9704FE61F439B7F0055D8BC /* Base */ = {isa = PBXFileReference; lastKnownFileType = file.storyboard; name = Base; path = Base.lproj/Main.storyboard; sourceTree = "<group>"; };
		B9704FE81F439B7F0055D8BC /* Assets.xcassets */ = {isa = PBXFileReference; lastKnownFileType = folder.assetcatalog; path = Assets.xcassets; sourceTree = "<group>"; };
		B9704FEB1F439B7F0055D8BC /* Base */ = {isa = PBXFileReference; lastKnownFileType = file.storyboard; name = Base; path = Base.lproj/LaunchScreen.storyboard; sourceTree = "<group>"; };
		B9704FED1F439B7F0055D8BC /* Info.plist */ = {isa = PBXFileReference; lastKnownFileType = text.plist.xml; path = Info.plist; sourceTree = "<group>"; };
		B9C5280E1F6721DA00404E6F /* PacotesViagensViewController.swift */ = {isa = PBXFileReference; fileEncoding = 4; lastKnownFileType = sourcecode.swift; path = PacotesViagensViewController.swift; sourceTree = "<group>"; };
		B9C528101F67232A00404E6F /* PacoteViagemCollectionViewCell.swift */ = {isa = PBXFileReference; fileEncoding = 4; lastKnownFileType = sourcecode.swift; path = PacoteViagemCollectionViewCell.swift; sourceTree = "<group>"; };
/* End PBXFileReference section */

/* Begin PBXFrameworksBuildPhase section */
		B9704FDB1F439B7F0055D8BC /* Frameworks */ = {
			isa = PBXFrameworksBuildPhase;
			buildActionMask = 2147483647;
			files = (
			);
			runOnlyForDeploymentPostprocessing = 0;
		};
/* End PBXFrameworksBuildPhase section */

/* Begin PBXGroup section */
		B933B53F1F46298400DBE67C /* Assets */ = {
			isa = PBXGroup;
			children = (
				B933B5401F46298400DBE67C /* img1.png */,
				B933B5411F46298400DBE67C /* img2.jpg */,
				B933B5421F46298400DBE67C /* img3.jpg */,
				B933B5431F46298400DBE67C /* img4.jpg */,
				B933B5441F46298400DBE67C /* img5.jpg */,
			);
			path = Assets;
			sourceTree = "<group>";
		};
		B933B5541F47639000DBE67C /* Model */ = {
			isa = PBXGroup;
			children = (
				B933B5221F4615EF00DBE67C /* Viagem.swift */,
			);
			name = Model;
			sourceTree = "<group>";
		};
		B933B5551F4763B400DBE67C /* Home */ = {
			isa = PBXGroup;
			children = (
				B933B5561F4763E500DBE67C /* Controller */,
				B933B5571F4763F600DBE67C /* View */,
			);
			name = Home;
			sourceTree = "<group>";
		};
		B933B5561F4763E500DBE67C /* Controller */ = {
			isa = PBXGroup;
			children = (
				B9704FE31F439B7F0055D8BC /* ViewController.swift */,
			);
			name = Controller;
			sourceTree = "<group>";
		};
		B933B5571F4763F600DBE67C /* View */ = {
			isa = PBXGroup;
			children = (
				B933B53D1F4625B900DBE67C /* TableViewCell.swift */,
			);
			name = View;
			sourceTree = "<group>";
		};
		B933B5581F47640900DBE67C /* ViagemDAO */ = {
			isa = PBXGroup;
			children = (
				B933B54A1F462C2900DBE67C /* ViagemDAO.swift */,
			);
			name = ViagemDAO;
			sourceTree = "<group>";
		};
		B9704FD51F439B7F0055D8BC = {
			isa = PBXGroup;
			children = (
				B9704FE01F439B7F0055D8BC /* Alura Viagens */,
				B9704FDF1F439B7F0055D8BC /* Products */,
			);
			sourceTree = "<group>";
		};
		B9704FDF1F439B7F0055D8BC /* Products */ = {
			isa = PBXGroup;
			children = (
				B9704FDE1F439B7F0055D8BC /* Alura Viagens.app */,
			);
			name = Products;
			sourceTree = "<group>";
		};
		B9704FE01F439B7F0055D8BC /* Alura Viagens */ = {
			isa = PBXGroup;
			children = (
				B9704FE11F439B7F0055D8BC /* AppDelegate.swift */,
				B933B5541F47639000DBE67C /* Model */,
				B933B5551F4763B400DBE67C /* Home */,
				B9C528091F67215B00404E6F /* Pacotes */,
				B933B5581F47640900DBE67C /* ViagemDAO */,
				B933B53F1F46298400DBE67C /* Assets */,
				B9704FE51F439B7F0055D8BC /* Main.storyboard */,
				B9704FE81F439B7F0055D8BC /* Assets.xcassets */,
				B9704FEA1F439B7F0055D8BC /* LaunchScreen.storyboard */,
				B9704FED1F439B7F0055D8BC /* Info.plist */,
			);
			path = "Alura Viagens";
			sourceTree = "<group>";
		};
		B9C528091F67215B00404E6F /* Pacotes */ = {
			isa = PBXGroup;
			children = (
				B9C5280A1F67217100404E6F /* Controller */,
				B9C5280B1F67217800404E6F /* View */,
			);
			name = Pacotes;
			sourceTree = "<group>";
		};
		B9C5280A1F67217100404E6F /* Controller */ = {
			isa = PBXGroup;
			children = (
				B9C5280E1F6721DA00404E6F /* PacotesViagensViewController.swift */,
			);
			name = Controller;
			sourceTree = "<group>";
		};
		B9C5280B1F67217800404E6F /* View */ = {
			isa = PBXGroup;
			children = (
				B9C528101F67232A00404E6F /* PacoteViagemCollectionViewCell.swift */,
			);
			name = View;
			sourceTree = "<group>";
		};
/* End PBXGroup section */

/* Begin PBXNativeTarget section */
		B9704FDD1F439B7F0055D8BC /* Alura Viagens */ = {
			isa = PBXNativeTarget;
			buildConfigurationList = B9704FF01F439B7F0055D8BC /* Build configuration list for PBXNativeTarget "Alura Viagens" */;
			buildPhases = (
				B9704FDA1F439B7F0055D8BC /* Sources */,
				B9704FDB1F439B7F0055D8BC /* Frameworks */,
				B9704FDC1F439B7F0055D8BC /* Resources */,
			);
			buildRules = (
			);
			dependencies = (
			);
			name = "Alura Viagens";
			productName = "Alura Viagens";
			productReference = B9704FDE1F439B7F0055D8BC /* Alura Viagens.app */;
			productType = "com.apple.product-type.application";
		};
/* End PBXNativeTarget section */

/* Begin PBXProject section */
		B9704FD61F439B7F0055D8BC /* Project object */ = {
			isa = PBXProject;
			attributes = {
				LastSwiftUpdateCheck = 0820;
				LastUpgradeCheck = 0820;
				ORGANIZATIONNAME = Alura;
				TargetAttributes = {
					B9704FDD1F439B7F0055D8BC = {
						CreatedOnToolsVersion = 8.2;
						ProvisioningStyle = Automatic;
					};
				};
			};
			buildConfigurationList = B9704FD91F439B7F0055D8BC /* Build configuration list for PBXProject "Alura Viagens" */;
			compatibilityVersion = "Xcode 3.2";
			developmentRegion = English;
			hasScannedForEncodings = 0;
			knownRegions = (
				en,
				Base,
			);
			mainGroup = B9704FD51F439B7F0055D8BC;
			productRefGroup = B9704FDF1F439B7F0055D8BC /* Products */;
			projectDirPath = "";
			projectRoot = "";
			targets = (
				B9704FDD1F439B7F0055D8BC /* Alura Viagens */,
			);
		};
/* End PBXProject section */

/* Begin PBXResourcesBuildPhase section */
		B9704FDC1F439B7F0055D8BC /* Resources */ = {
			isa = PBXResourcesBuildPhase;
			buildActionMask = 2147483647;
			files = (
				B933B5481F46298400DBE67C /* img4.jpg in Resources */,
				B933B5491F46298400DBE67C /* img5.jpg in Resources */,
				B9704FEC1F439B7F0055D8BC /* LaunchScreen.storyboard in Resources */,
				B933B5471F46298400DBE67C /* img3.jpg in Resources */,
				B933B5461F46298400DBE67C /* img2.jpg in Resources */,
				B933B5451F46298400DBE67C /* img1.png in Resources */,
				B9704FE91F439B7F0055D8BC /* Assets.xcassets in Resources */,
				B9704FE71F439B7F0055D8BC /* Main.storyboard in Resources */,
			);
			runOnlyForDeploymentPostprocessing = 0;
		};
/* End PBXResourcesBuildPhase section */

/* Begin PBXSourcesBuildPhase section */
		B9704FDA1F439B7F0055D8BC /* Sources */ = {
			isa = PBXSourcesBuildPhase;
			buildActionMask = 2147483647;
			files = (
				B933B53E1F4625B900DBE67C /* TableViewCell.swift in Sources */,
				B933B54B1F462C2900DBE67C /* ViagemDAO.swift in Sources */,
				B9704FE41F439B7F0055D8BC /* ViewController.swift in Sources */,
				B933B5231F4615EF00DBE67C /* Viagem.swift in Sources */,
				B9C5280F1F6721DA00404E6F /* PacotesViagensViewController.swift in Sources */,
				B9C528111F67232A00404E6F /* PacoteViagemCollectionViewCell.swift in Sources */,
				B9704FE21F439B7F0055D8BC /* AppDelegate.swift in Sources */,
			);
			runOnlyForDeploymentPostprocessing = 0;
		};
/* End PBXSourcesBuildPhase section */

/* Begin PBXVariantGroup section */
		B9704FE51F439B7F0055D8BC /* Main.storyboard */ = {
			isa = PBXVariantGroup;
			children = (
				B9704FE61F439B7F0055D8BC /* Base */,
			);
			name = Main.storyboard;
			sourceTree = "<group>";
		};
		B9704FEA1F439B7F0055D8BC /* LaunchScreen.storyboard */ = {
			isa = PBXVariantGroup;
			children = (
				B9704FEB1F439B7F0055D8BC /* Base */,
			);
			name = LaunchScreen.storyboard;
			sourceTree = "<group>";
		};
/* End PBXVariantGroup section */

/* Begin XCBuildConfiguration section */
		B9704FEE1F439B7F0055D8BC /* Debug */ = {
			isa = XCBuildConfiguration;
			buildSettings = {
				ALWAYS_SEARCH_USER_PATHS = NO;
				CLANG_ANALYZER_NONNULL = YES;
				CLANG_CXX_LANGUAGE_STANDARD = "gnu++0x";
				CLANG_CXX_LIBRARY = "libc++";
				CLANG_ENABLE_MODULES = YES;
				CLANG_ENABLE_OBJC_ARC = YES;
				CLANG_WARN_BOOL_CONVERSION = YES;
				CLANG_WARN_CONSTANT_CONVERSION = YES;
				CLANG_WARN_DIRECT_OBJC_ISA_USAGE = YES_ERROR;
				CLANG_WARN_DOCUMENTATION_COMMENTS = YES;
				CLANG_WARN_EMPTY_BODY = YES;
				CLANG_WARN_ENUM_CONVERSION = YES;
				CLANG_WARN_INFINITE_RECURSION = YES;
				CLANG_WARN_INT_CONVERSION = YES;
				CLANG_WARN_OBJC_ROOT_CLASS = YES_ERROR;
				CLANG_WARN_SUSPICIOUS_MOVE = YES;
				CLANG_WARN_UNREACHABLE_CODE = YES;
				CLANG_WARN__DUPLICATE_METHOD_MATCH = YES;
				"CODE_SIGN_IDENTITY[sdk=iphoneos*]" = "iPhone Developer";
				COPY_PHASE_STRIP = NO;
				DEBUG_INFORMATION_FORMAT = dwarf;
				ENABLE_STRICT_OBJC_MSGSEND = YES;
				ENABLE_TESTABILITY = YES;
				GCC_C_LANGUAGE_STANDARD = gnu99;
				GCC_DYNAMIC_NO_PIC = NO;
				GCC_NO_COMMON_BLOCKS = YES;
				GCC_OPTIMIZATION_LEVEL = 0;
				GCC_PREPROCESSOR_DEFINITIONS = (
					"DEBUG=1",
					"$(inherited)",
				);
				GCC_WARN_64_TO_32_BIT_CONVERSION = YES;
				GCC_WARN_ABOUT_RETURN_TYPE = YES_ERROR;
				GCC_WARN_UNDECLARED_SELECTOR = YES;
				GCC_WARN_UNINITIALIZED_AUTOS = YES_AGGRESSIVE;
				GCC_WARN_UNUSED_FUNCTION = YES;
				GCC_WARN_UNUSED_VARIABLE = YES;
				IPHONEOS_DEPLOYMENT_TARGET = 10.2;
				MTL_ENABLE_DEBUG_INFO = YES;
				ONLY_ACTIVE_ARCH = YES;
				SDKROOT = iphoneos;
				SWIFT_ACTIVE_COMPILATION_CONDITIONS = DEBUG;
				SWIFT_OPTIMIZATION_LEVEL = "-Onone";
				TARGETED_DEVICE_FAMILY = "1,2";
			};
			name = Debug;
		};
		B9704FEF1F439B7F0055D8BC /* Release */ = {
			isa = XCBuildConfiguration;
			buildSettings = {
				ALWAYS_SEARCH_USER_PATHS = NO;
				CLANG_ANALYZER_NONNULL = YES;
				CLANG_CXX_LANGUAGE_STANDARD = "gnu++0x";
				CLANG_CXX_LIBRARY = "libc++";
				CLANG_ENABLE_MODULES = YES;
				CLANG_ENABLE_OBJC_ARC = YES;
				CLANG_WARN_BOOL_CONVERSION = YES;
				CLANG_WARN_CONSTANT_CONVERSION = YES;
				CLANG_WARN_DIRECT_OBJC_ISA_USAGE = YES_ERROR;
				CLANG_WARN_DOCUMENTATION_COMMENTS = YES;
				CLANG_WARN_EMPTY_BODY = YES;
				CLANG_WARN_ENUM_CONVERSION = YES;
				CLANG_WARN_INFINITE_RECURSION = YES;
				CLANG_WARN_INT_CONVERSION = YES;
				CLANG_WARN_OBJC_ROOT_CLASS = YES_ERROR;
				CLANG_WARN_SUSPICIOUS_MOVE = YES;
				CLANG_WARN_UNREACHABLE_CODE = YES;
				CLANG_WARN__DUPLICATE_METHOD_MATCH = YES;
				"CODE_SIGN_IDENTITY[sdk=iphoneos*]" = "iPhone Developer";
				COPY_PHASE_STRIP = NO;
				DEBUG_INFORMATION_FORMAT = "dwarf-with-dsym";
				ENABLE_NS_ASSERTIONS = NO;
				ENABLE_STRICT_OBJC_MSGSEND = YES;
				GCC_C_LANGUAGE_STANDARD = gnu99;
				GCC_NO_COMMON_BLOCKS = YES;
				GCC_WARN_64_TO_32_BIT_CONVERSION = YES;
				GCC_WARN_ABOUT_RETURN_TYPE = YES_ERROR;
				GCC_WARN_UNDECLARED_SELECTOR = YES;
				GCC_WARN_UNINITIALIZED_AUTOS = YES_AGGRESSIVE;
				GCC_WARN_UNUSED_FUNCTION = YES;
				GCC_WARN_UNUSED_VARIABLE = YES;
				IPHONEOS_DEPLOYMENT_TARGET = 10.2;
				MTL_ENABLE_DEBUG_INFO = NO;
				SDKROOT = iphoneos;
				SWIFT_OPTIMIZATION_LEVEL = "-Owholemodule";
				TARGETED_DEVICE_FAMILY = "1,2";
				VALIDATE_PRODUCT = YES;
			};
			name = Release;
		};
		B9704FF11F439B7F0055D8BC /* Debug */ = {
			isa = XCBuildConfiguration;
			buildSettings = {
				ASSETCATALOG_COMPILER_APPICON_NAME = AppIcon;
				INFOPLIST_FILE = "Alura Viagens/Info.plist";
				IPHONEOS_DEPLOYMENT_TARGET = 10.0;
				LD_RUNPATH_SEARCH_PATHS = "$(inherited) @executable_path/Frameworks";
				PRODUCT_BUNDLE_IDENTIFIER = "alura.Alura-Viagens";
				PRODUCT_NAME = "$(TARGET_NAME)";
				SWIFT_VERSION = 3.0;
			};
			name = Debug;
		};
		B9704FF21F439B7F0055D8BC /* Release */ = {
			isa = XCBuildConfiguration;
			buildSettings = {
				ASSETCATALOG_COMPILER_APPICON_NAME = AppIcon;
				INFOPLIST_FILE = "Alura Viagens/Info.plist";
				IPHONEOS_DEPLOYMENT_TARGET = 10.0;
				LD_RUNPATH_SEARCH_PATHS = "$(inherited) @executable_path/Frameworks";
				PRODUCT_BUNDLE_IDENTIFIER = "alura.Alura-Viagens";
				PRODUCT_NAME = "$(TARGET_NAME)";
				SWIFT_VERSION = 3.0;
			};
			name = Release;
		};
/* End XCBuildConfiguration section */

/* Begin XCConfigurationList section */
		B9704FD91F439B7F0055D8BC /* Build configuration list for PBXProject "Alura Viagens" */ = {
			isa = XCConfigurationList;
			buildConfigurations = (
				B9704FEE1F439B7F0055D8BC /* Debug */,
				B9704FEF1F439B7F0055D8BC /* Release */,
			);
			defaultConfigurationIsVisible = 0;
			defaultConfigurationName = Release;
		};
		B9704FF01F439B7F0055D8BC /* Build configuration list for PBXNativeTarget "Alura Viagens" */ = {
			isa = XCConfigurationList;
			buildConfigurations = (
				B9704FF11F439B7F0055D8BC /* Debug */,
				B9704FF21F439B7F0055D8BC /* Release */,
			);
			defaultConfigurationIsVisible = 0;
			defaultConfigurationName = Release;
		};
/* End XCConfigurationList section */
	};
	rootObject = B9704FD61F439B7F0055D8BC /* Project object */;
}
